
Microsoft Visual Studio Solution File, Format Version 12.00
# Visual Studio Version 16
VisualStudioVersion = 16.0.31205.134
MinimumVisualStudioVersion = 10.0.40219.1
Project("{FAE04EC0-301F-11D3-BF4B-00C04F79EFBC}") = "TestService", "TestService\TestService.csproj", "{7F63F39B-87ED-4CE7-A98D-2F53C0417DC4}"
EndProject
Project("{FAE04EC0-301F-11D3-BF4B-00C04F79EFBC}") = "Attempt2", "Attempt2\Attempt2.csproj", "{C9DDAD2D-5511-4E88-A91A-6FF56FEB84C0}"
EndProject
Global
	GlobalSection(SolutionConfigurationPlatforms) = preSolution
		Debug|Any CPU = Debug|Any CPU
		Release|Any CPU = Release|Any CPU
	EndGlobalSection
	GlobalSection(ProjectConfigurationPlatforms) = postSolution
		{7F63F39B-87ED-4CE7-A98D-2F53C0417DC4}.Debug|Any CPU.ActiveCfg = Debug|Any CPU
		{7F63F39B-87ED-4CE7-A98D-2F53C0417DC4}.Debug|Any CPU.Build.0 = Debug|Any CPU
		{7F63F39B-87ED-4CE7-A98D-2F53C0417DC4}.Release|Any CPU.ActiveCfg = Release|Any CPU
		{7F63F39B-87ED-4CE7-A98D-2F53C0417DC4}.Release|Any CPU.Build.0 = Release|Any CPU
		{C9DDAD2D-5511-4E88-A91A-6FF56FEB84C0}.Debug|Any CPU.ActiveCfg = Debug|Any CPU
		{C9DDAD2D-5511-4E88-A91A-6FF56FEB84C0}.Debug|Any CPU.Build.0 = Debug|Any CPU
		{C9DDAD2D-5511-4E88-A91A-6FF56FEB84C0}.Release|Any CPU.ActiveCfg = Release|Any CPU
		{C9DDAD2D-5511-4E88-A91A-6FF56FEB84C0}.Release|Any CPU.Build.0 = Release|Any CPU
	EndGlobalSection
	GlobalSection(SolutionProperties) = preSolution
		HideSolutionNode = FALSE
	EndGlobalSection
	GlobalSection(ExtensibilityGlobals) = postSolution
		SolutionGuid = {B9E8E91B-1BE7-4AA6-86EA-B4DA49449E10}
	EndGlobalSection
EndGlobal
